<?xml version="1.0" encoding="utf-8"?>
<Project ToolsVersion="15.0" xmlns="http://schemas.microsoft.com/developer/msbuild/2003">
  <ItemGroup>
    <CustomBuild Include="C:\Users\Connor\Desktop\tinyxml2\CMakeFiles\3f9051f7c0d32de26e3e38e1dc3f7e95\RUN_TESTS_force.rule">
      <Filter>CMake Rules</Filter>
    </CustomBuild>
  </ItemGroup>
  <ItemGroup>
    <Filter Include="CMake Rules">
      <UniqueIdentifier>{B0DFB929-CC35-325B-9F06-40E2AC648152}</UniqueIdentifier>
    </Filter>
  </ItemGroup>
</Project>
